
Microsoft Visual Studio Solution File, Format Version 12.00
# Visual Studio Version 17
VisualStudioVersion = 17.14.36310.24 d17.14
MinimumVisualStudioVersion = 10.0.40219.1
Project("{FAE04EC0-301F-11D3-BF4B-00C04F79EFBC}") = "Skeleton Code Unedited", "Skeleton Code Unedited\Skeleton Code Unedited.csproj", "{CBF46990-027F-44A6-B578-4AB960C2172A}"
EndProject
Global
	GlobalSection(SolutionConfigurationPlatforms) = preSolution
		Debug|Any CPU = Debug|Any CPU
		Release|Any CPU = Release|Any CPU
	EndGlobalSection
	GlobalSection(ProjectConfigurationPlatforms) = postSolution
		{CBF46990-027F-44A6-B578-4AB960C2172A}.Debug|Any CPU.ActiveCfg = Debug|Any CPU
		{CBF46990-027F-44A6-B578-4AB960C2172A}.Debug|Any CPU.Build.0 = Debug|Any CPU
		{CBF46990-027F-44A6-B578-4AB960C2172A}.Release|Any CPU.ActiveCfg = Release|Any CPU
		{CBF46990-027F-44A6-B578-4AB960C2172A}.Release|Any CPU.Build.0 = Release|Any CPU
	EndGlobalSection
	GlobalSection(SolutionProperties) = preSolution
		HideSolutionNode = FALSE
	EndGlobalSection
	GlobalSection(ExtensibilityGlobals) = postSolution
		SolutionGuid = {84FA282F-E038-4A01-9CBF-9BD4859D71B5}
	EndGlobalSection
EndGlobal
